
Microsoft Visual Studio Solution File, Format Version 12.00
# Visual Studio Version 17
VisualStudioVersion = 17.14.36414.22
MinimumVisualStudioVersion = 10.0.40219.1
Project("{FAE04EC0-301F-11D3-BF4B-00C04F79EFBC}") = "Basic", "Basic\Basic.csproj", "{079EA2A9-E194-41B8-899B-D24980AFA45D}"
EndProject
Global
	GlobalSection(SolutionConfigurationPlatforms) = preSolution
		Debug|Any CPU = Debug|Any CPU
		Release|Any CPU = Release|Any CPU
	EndGlobalSection
	GlobalSection(ProjectConfigurationPlatforms) = postSolution
		{079EA2A9-E194-41B8-899B-D24980AFA45D}.Debug|Any CPU.ActiveCfg = Debug|Any CPU
		{079EA2A9-E194-41B8-899B-D24980AFA45D}.Debug|Any CPU.Build.0 = Debug|Any CPU
		{079EA2A9-E194-41B8-899B-D24980AFA45D}.Release|Any CPU.ActiveCfg = Release|Any CPU
		{079EA2A9-E194-41B8-899B-D24980AFA45D}.Release|Any CPU.Build.0 = Release|Any CPU
	EndGlobalSection
	GlobalSection(SolutionProperties) = preSolution
		HideSolutionNode = FALSE
	EndGlobalSection
	GlobalSection(ExtensibilityGlobals) = postSolution
		SolutionGuid = {7A97317B-1962-4E5F-BC02-8DFAF80F0B1F}
	EndGlobalSection
EndGlobal
